version = 2
tool = "telos 0.11.0"
spec_digest = "sha256:80a906b39cfc5b74507a2c9f17e6e71382d124802645ce85047828720c100760"

[spec]
"telos/constraints/CON-0002.tel" = "50145c42d746523e7a2c5aa4fa68cbf606329b4e"
"telos/context-map.tel" = "67d06078ca92d8308d05949946cf8e0536751e0a"
"telos/contexts/pet/bindings.tel" = "56724cdae1fe181f602fe8b10007999f06a1c927"
"telos/contexts/pet/capabilities/care/capability.tel" = "0063ad7125652f801c587e2cef1cb116fe14d497"
"telos/contexts/pet/capabilities/care/intents/INT-0002.tel" = "d97a49a9f9d6bfe80a8b6847043b607e410a6828"
"telos/contexts/pet/capabilities/care/intents/INT-0003.tel" = "67aaf7951dad02ee75bb60d32332291b498cfeeb"
"telos/contexts/pet/capabilities/care/intents/INT-0005.tel" = "966587a812053f4f1e2af3f092c44eed16c83fcb"
"telos/contexts/pet/capabilities/care/intents/INT-0006.tel" = "59c5a4f69a9f8cff09b0ffca240d056f4b2dd50c"
"telos/contexts/pet/capabilities/care/intents/INT-0007.tel" = "22723fa2e344c76c053b990a2d6a2f079c95c4cd"
"telos/contexts/pet/capabilities/care/intents/INT-0011.tel" = "88d08238df5a2b7301ee4ecc686becfea9157656"
"telos/contexts/pet/capabilities/care/notions/FeedPet.tel" = "3ad4f944f5f89459c3a1fa9e316f6568032cce0c"
"telos/contexts/pet/capabilities/care/notions/PlayWithPet.tel" = "7e9852e9e13e43e29ba580c734faa48fe7f01846"
"telos/contexts/pet/capabilities/care/notions/PutPetToBed.tel" = "5aa6d39318d5d6405ac5dfdea8ac4ff22bbaf4dd"
"telos/contexts/pet/capabilities/lifecycle/capability.tel" = "d46723e57ecc691fa261d33702c540756d69a29b"
"telos/contexts/pet/capabilities/lifecycle/intents/INT-0001.tel" = "322a52a7e52fea6a9af8cde103bf6448d6345562"
"telos/contexts/pet/capabilities/lifecycle/intents/INT-0004.tel" = "c82ef2f6667b068067121ba5b59bf670f500642f"
"telos/contexts/pet/capabilities/lifecycle/intents/INT-0008.tel" = "b024a69c53b3b154c2d4a82a169cc8ed7684f41e"
"telos/contexts/pet/capabilities/lifecycle/intents/INT-0009.tel" = "bb0b968b77c751d4c1665651eb20c54c02d581f9"
"telos/contexts/pet/capabilities/lifecycle/intents/INT-0010.tel" = "524e7bc9134d199260bb511b15566cf7246c544f"
"telos/contexts/pet/capabilities/lifecycle/notions/HatchPet.tel" = "add85f8f71f12209db13d1ba01551db801651bf3"
"telos/contexts/pet/constraints/CON-0001.tel" = "a432b91be7d167d7f88e88203948113e60c6fef5"
"telos/contexts/pet/context.tel" = "ee24edec3a5a583d4a38ff14953ee5b1ce8f8b49"
"telos/contexts/pet/notions/Owner.tel" = "a84f1d52ca082cfceeb8a810aaf4ee2889a7eacd"
"telos/contexts/pet/notions/Pet.tel" = "5fb904c29330b3f8253273832b496e45cb1adea4"
"telos/contexts/pet/notions/TimeTicks.tel" = "a5eb77666d67374f9058208a1e5dacfb8f22deb0"
"telos/contexts/terminal/bindings.tel" = "a908928b6bddc269f72ed895c64437292506906d"
"telos/contexts/terminal/capabilities/portrait/capability.tel" = "a2c11349450c7cf4d44052e1442fd3f982a2a1b3"
"telos/contexts/terminal/capabilities/portrait/intents/INT-0012.tel" = "8bf8e681fe83df3ac70abffb3f70a4709bb8fe28"
"telos/contexts/terminal/capabilities/portrait/notions/PetView.tel" = "3081a080b4aee6fa8d3fd485ef3332dec4602a81"
"telos/contexts/terminal/capabilities/portrait/notions/Portrait.tel" = "f89d281bbe18ae6a3ae4aaeba7174399e574403b"
"telos/contexts/terminal/capabilities/portrait/notions/RenderRequested.tel" = "bc10a7cd91cb00eb35d236725bf5771ed4efd05b"
"telos/contexts/terminal/context.tel" = "ed42f74ee78a2e51c165f3beb2bb8f5493839f4f"
"telos/telos.toml" = "cebd7b4a55b62432a7bf1f14cfc307ce99a32367"

[code]
"tamagotchi/__main__.py" = "e08611d86650e3a178fde77c6e443f33398d9c17"
"tamagotchi/cli.py" = "171f739205dc02872ba1af6da77026d735cef966"
"tamagotchi/pet.py" = "b36cfbe216ad674a1f949a41251b35c16e06e35e"
"tamagotchi/render.py" = "543b5a0b12054bd235b8b97f9ab42d8066beb807"
"tests/test_death.py" = "f60026fb749170bb5c7733dfeff6e4e97cae3b13"
"tests/test_feed.py" = "780f1e222e73867e07df151fd9819b95119d3091"
"tests/test_grow.py" = "6de98277052fc357ef5a365a8f2f143f2c1dbd1c"
"tests/test_hatch.py" = "ca359fa26b6f419c5ad47775b5ee07f85b3a9582"
"tests/test_play.py" = "47a9ed34087c98e154e11a103318db5e6ef5751b"
"tests/test_portrait.py" = "8e6e4f1084d644600283881ed7fe64daacfaa730"
"tests/test_sleep.py" = "655a06649b17eae26f05d379ef1da18c9f34a048"
"tests/test_tick.py" = "00ca23892aa13a742730b29ee52540d75ba5eb10"
"tests/test_vitals.py" = "d905b48f864dc40b7461b2299c6c6d8e549c4090"
