version = 3
tool = "telos 0.13.0"
sealed_by = "CHG-0005"
spec_digest = "sha256:bf4b2956fcd6dbaa2b6eaa2b40cbc7fe2ed4f559cf64bb637dda1620db51f5be"
proof_evidence = "report"

[spec]
"telos/context-map.tel" = "1f7f3c2a100ded981b9cc0a9aa9c56ddc72ff0ed"
"telos/contexts/board/bindings.tel" = "cc45c483f7d45cc6ec0a7ce93416e2573a6ab378"
"telos/contexts/board/capabilities/play/capability.tel" = "919fcd0460f6e2dfd89bf992f6dcf1b4f856862b"
"telos/contexts/board/capabilities/play/intents/INT-0001.tel" = "030c3371c877eecd6ff51d664ce83f0fa6fd309b"
"telos/contexts/board/capabilities/play/intents/INT-0002.tel" = "a0706b063eb4d4807aa3d553ea947e014cec19a1"
"telos/contexts/board/capabilities/play/intents/INT-0003.tel" = "bca59dace90c6fd7248ae376c17d247a31b4c2ab"
"telos/contexts/board/capabilities/play/intents/INT-0004.tel" = "c722b52b1f2f1c65d9049d2015f88f9432425b59"
"telos/contexts/board/capabilities/play/notions/Board.tel" = "36f4927777f65ae0606ccefd3133d5f1c36f5129"
"telos/contexts/board/capabilities/play/notions/PlaceMark.tel" = "a8888aa862637abafe58acd3d8e1408ee89674e6"
"telos/contexts/board/context.tel" = "6d4ac808c293eef360be6eda6fec6541fa786476"
"telos/contexts/terminal/bindings.tel" = "37a30fe50c60ca68b2eee24bffed834395504f88"
"telos/contexts/terminal/capabilities/console/capability.tel" = "81ab4427528e521bc03dfd9f3ceca98619e28808"
"telos/contexts/terminal/capabilities/console/intents/INT-0005.tel" = "1cd0d2f3d5fcc364c863753e097550dd93e82931"
"telos/contexts/terminal/capabilities/console/notions/BoardView.tel" = "2bac402951ca86175b69d999685e74364a1a5800"
"telos/contexts/terminal/capabilities/console/notions/MatchView.tel" = "8a59308cead5159709da5f3e9012b477f8be6bde"
"telos/contexts/terminal/capabilities/console/notions/Screen.tel" = "2b72588e3ce9487600bb2cd8813f5310595d3b7d"
"telos/contexts/terminal/capabilities/console/notions/ShowBoard.tel" = "90c2f65429be5fdd83d6be7844c3360da8addc61"
"telos/contexts/terminal/context.tel" = "cf82fdf922c0b5ae696d38473b67b93a6c754288"
"telos/contexts/tournament/bindings.tel" = "6399ce12a28c0e5684b842528dc191e0dfac1cce"
"telos/contexts/tournament/capabilities/standings/capability.tel" = "2efd3e936a659711cb05eba73d72a9fedbc1373e"
"telos/contexts/tournament/capabilities/standings/intents/INT-0006.tel" = "ebde64963d7d692a66b77adac3807802a75325fd"
"telos/contexts/tournament/capabilities/standings/intents/INT-0007.tel" = "1e32e0e46d8cd322cc60ee41934977699807aa49"
"telos/contexts/tournament/capabilities/standings/intents/INT-0008.tel" = "94793cba8592ef45d3d38286734417f7f732d270"
"telos/contexts/tournament/capabilities/standings/notions/Match.tel" = "2727f5a5bbcfdc6e2063b63bcd7dd7c2f7e232a3"
"telos/contexts/tournament/capabilities/standings/notions/RoundEnded.tel" = "e5c5161a15c407377ae216e54d5b5a0173e5d49d"
"telos/contexts/tournament/capabilities/standings/notions/RoundResult.tel" = "73cb0ca43939d096a04329a668da038881574b1f"
"telos/contexts/tournament/context.tel" = "3ddde12b38f513c5ee72e1c648379be577aae27f"
"telos/telos.toml" = "52d838df989c2d1d502feead16d69c45965ba804"

[code]
"tests/scn_0001_x_takes_the_centre_and_o_plays_next.py" = "044e200133f431e186517a336a87b82de03f35ad"
"tests/scn_0002_o_takes_the_first_cell_and_x_plays_next.py" = "b48c9eee2eb02a44d26b722bdb0da0359655c029"
"tests/scn_0003_an_occupied_cell_leaves_the_board_and_turn_unchanged.py" = "576d459872058ddc05fb0931a9e26e95a9d2e6e3"
"tests/scn_0004_x_wins_across_the_top_row.py" = "2f1f8f590bb0087ebef24e66aa35115a550a3b43"
"tests/scn_0005_x_wins_down_the_first_column.py" = "a21ffbb4031eccb9e4e61dd2ab05207ab17c23db"
"tests/scn_0006_x_wins_on_the_main_diagonal.py" = "ca1b538a8d31777c9ac69aa67e18e4a718675c3e"
"tests/scn_0007_the_last_free_cell_completes_a_draw.py" = "6c95b81149211c57d3805ddb4db19e10c0efba7c"
"tests/scn_0008_the_screen_numbers_free_cells_and_shows_o_to_play.py" = "87b4db672134d49895d5bab872abc24764c29b91"
"tests/scn_0009_the_screen_announces_an_x_win.py" = "4ef0707b9d4f191f72d5bfdba60e1552b028ae8e"
"tests/scn_0010_an_x_win_gives_x_one_point.py" = "751aa6d6bb3dd314b6600439dadcb00517c5bd40"
"tests/scn_0011_a_draw_gives_neither_player_a_point.py" = "8db94648dcc797b8cdde5c8306316ccad1f263fc"
"tests/scn_0012_x_reaches_the_target_and_wins_the_match.py" = "1b6f257d6e1e5d804ed37d5224abb41d6b19f002"
"tests/scn_0013_o_starts_after_x_wins_a_round_that_x_started.py" = "4f2dbcd804926cb4c554304f667ae885c14d974d"
"tests/scn_0014_the_screen_shows_a_one_nil_match_score.py" = "ab2513bc888d47e76f5aebd2600c3cbdbcc7e2e9"
"tests/test_main.py" = "53964fea457a737d53ef622f0dba72465af21701"
"tictactoe/domain/board.py" = "ecef86f506eae93dc08eff5e164a6cd4a799418b"
"tictactoe/domain/tournament.py" = "2ebde32680a9ed13a155180abdce7dd5e55758eb"
"tictactoe/ui/cli.py" = "df8e8ca95fab9acaabc20a8dde317c50d1636a23"
